{
    "name": "node-red-contrib-rosepetal-image-tools",
    "version": "0.1.0",
    "lockfileVersion": 3,
    "requires": true,
    "packages": {
        "": {
            "name": "node-red-contrib-rosepetal-image-tools",
            "version": "0.1.0",
            "hasInstallScript": true,
            "license": "Apache-2.0",
            "dependencies": {
                "rosepetal-image-engine": "file:../rosepetal-image-engine"
            }
        },
        "../rosepetal-image-engine": {
            "version": "1.0.0",
            "hasInstallScript": true,
            "dependencies": {
                "node-addon-api": "^7.1.0"
            },
            "devDependencies": {
                "node-gyp": "^10.1.0"
            }
        },
        "node_modules/rosepetal-image-engine": {
            "resolved": "../rosepetal-image-engine",
            "link": true
        }
    }
}
